
Microsoft Visual Studio Solution File, Format Version 12.00
# Visual Studio Version 16
VisualStudioVersion = 16.0.29326.143
MinimumVisualStudioVersion = 10.0.40219.1
Project("{FAE04EC0-301F-11D3-BF4B-00C04F79EFBC}") = "labathird", "labathird\labathird.csproj", "{BE961290-D912-4A0C-899A-C535DBD61744}"
EndProject
Global
	GlobalSection(SolutionConfigurationPlatforms) = preSolution
		Debug|Any CPU = Debug|Any CPU
		Release|Any CPU = Release|Any CPU
	EndGlobalSection
	GlobalSection(ProjectConfigurationPlatforms) = postSolution
		{BE961290-D912-4A0C-899A-C535DBD61744}.Debug|Any CPU.ActiveCfg = Debug|Any CPU
		{BE961290-D912-4A0C-899A-C535DBD61744}.Debug|Any CPU.Build.0 = Debug|Any CPU
		{BE961290-D912-4A0C-899A-C535DBD61744}.Release|Any CPU.ActiveCfg = Release|Any CPU
		{BE961290-D912-4A0C-899A-C535DBD61744}.Release|Any CPU.Build.0 = Release|Any CPU
	EndGlobalSection
	GlobalSection(SolutionProperties) = preSolution
		HideSolutionNode = FALSE
	EndGlobalSection
	GlobalSection(ExtensibilityGlobals) = postSolution
		SolutionGuid = {10A8842B-72AD-4F23-9A81-5714AF5B801F}
	EndGlobalSection
EndGlobal
